
Microsoft Visual Studio Solution File, Format Version 12.00
# Visual Studio Version 16
VisualStudioVersion = 16.0.30104.148
MinimumVisualStudioVersion = 10.0.40219.1
Project("{FAE04EC0-301F-11D3-BF4B-00C04F79EFBC}") = "LibraryConsoleApp", "LibraryConsoleApp\LibraryConsoleApp.csproj", "{12B6073F-A570-4CCE-BF81-9A9B5CC1E284}"
EndProject
Global
	GlobalSection(SolutionConfigurationPlatforms) = preSolution
		Debug|Any CPU = Debug|Any CPU
		Release|Any CPU = Release|Any CPU
	EndGlobalSection
	GlobalSection(ProjectConfigurationPlatforms) = postSolution
		{12B6073F-A570-4CCE-BF81-9A9B5CC1E284}.Debug|Any CPU.ActiveCfg = Debug|Any CPU
		{12B6073F-A570-4CCE-BF81-9A9B5CC1E284}.Debug|Any CPU.Build.0 = Debug|Any CPU
		{12B6073F-A570-4CCE-BF81-9A9B5CC1E284}.Release|Any CPU.ActiveCfg = Release|Any CPU
		{12B6073F-A570-4CCE-BF81-9A9B5CC1E284}.Release|Any CPU.Build.0 = Release|Any CPU
	EndGlobalSection
	GlobalSection(SolutionProperties) = preSolution
		HideSolutionNode = FALSE
	EndGlobalSection
	GlobalSection(ExtensibilityGlobals) = postSolution
		SolutionGuid = {6C0FA333-684A-48CB-B62A-112C7B1BD239}
	EndGlobalSection
EndGlobal
